// !$*UTF8*$!
{
	archiveVersion = 1;
	classes = {
	};
	objectVersion = 56;
	objects = {

/* Begin PBXBuildFile section */
		184302CC2A87B18900B40FCB /* Just4000StepsApp.swift in Sources */ = {isa = PBXBuildFile; fileRef = 184302CB2A87B18900B40FCB /* Just4000StepsApp.swift */; };
		184302CE2A87B18900B40FCB /* StepsView.swift in Sources */ = {isa = PBXBuildFile; fileRef = 184302CD2A87B18900B40FCB /* StepsView.swift */; };
		184302D02A87B18A00B40FCB /* Assets.xcassets in Resources */ = {isa = PBXBuildFile; fileRef = 184302CF2A87B18A00B40FCB /* Assets.xcassets */; };
		184302D32A87B18A00B40FCB /* Preview Assets.xcassets in Resources */ = {isa = PBXBuildFile; fileRef = 184302D22A87B18A00B40FCB /* Preview Assets.xcassets */; };
		184302DD2A87B18A00B40FCB /* Just4000StepsTests.swift in Sources */ = {isa = PBXBuildFile; fileRef = 184302DC2A87B18A00B40FCB /* Just4000StepsTests.swift */; };
		184302E72A87B18A00B40FCB /* Just4000StepsUITests.swift in Sources */ = {isa = PBXBuildFile; fileRef = 184302E62A87B18A00B40FCB /* Just4000StepsUITests.swift */; };
		184302E92A87B18A00B40FCB /* Just4000StepsUITestsLaunchTests.swift in Sources */ = {isa = PBXBuildFile; fileRef = 184302E82A87B18A00B40FCB /* Just4000StepsUITestsLaunchTests.swift */; };
		184302F62A87B20500B40FCB /* HealthStore.swift in Sources */ = {isa = PBXBuildFile; fileRef = 184302F52A87B20500B40FCB /* HealthStore.swift */; };
		184A440E2A87F7FA00C2E407 /* Step.swift in Sources */ = {isa = PBXBuildFile; fileRef = 184A440D2A87F7FA00C2E407 /* Step.swift */; };
		184A44232A88FB7900C2E407 /* ComposableArchitecture in Frameworks */ = {isa = PBXBuildFile; productRef = 184A44222A88FB7900C2E407 /* ComposableArchitecture */; };
		184A44262A88FBC200C2E407 /* Date+.swift in Sources */ = {isa = PBXBuildFile; fileRef = 184A44252A88FBC200C2E407 /* Date+.swift */; };
		184A44282A895B7F00C2E407 /* StepFeature.swift in Sources */ = {isa = PBXBuildFile; fileRef = 184A44272A895B7F00C2E407 /* StepFeature.swift */; };
		184A442A2A8ABB7400C2E407 /* PieChartView.swift in Sources */ = {isa = PBXBuildFile; fileRef = 184A44292A8ABB7400C2E407 /* PieChartView.swift */; };
		18706FE82AA234A00014C9CA /* UserNotificationUtil.swift in Sources */ = {isa = PBXBuildFile; fileRef = 18706FE72AA234A00014C9CA /* UserNotificationUtil.swift */; };
		18706FEA2AA234BF0014C9CA /* NotificationContent.swift in Sources */ = {isa = PBXBuildFile; fileRef = 18706FE92AA234BF0014C9CA /* NotificationContent.swift */; };
		18706FEE2AA23AF20014C9CA /* AppDelegate.swift in Sources */ = {isa = PBXBuildFile; fileRef = 18706FED2AA23AF20014C9CA /* AppDelegate.swift */; };
/* End PBXBuildFile section */

/* Begin PBXContainerItemProxy section */
		184302D92A87B18A00B40FCB /* PBXContainerItemProxy */ = {
			isa = PBXContainerItemProxy;
			containerPortal = 184302C02A87B18900B40FCB /* Project object */;
			proxyType = 1;
			remoteGlobalIDString = 184302C72A87B18900B40FCB;
			remoteInfo = Just4000Steps;
		};
		184302E32A87B18A00B40FCB /* PBXContainerItemProxy */ = {
			isa = PBXContainerItemProxy;
			containerPortal = 184302C02A87B18900B40FCB /* Project object */;
			proxyType = 1;
			remoteGlobalIDString = 184302C72A87B18900B40FCB;
			remoteInfo = Just4000Steps;
		};
/* End PBXContainerItemProxy section */

/* Begin PBXFileReference section */
		184302C82A87B18900B40FCB /* Just4000Steps.app */ = {isa = PBXFileReference; explicitFileType = wrapper.application; includeInIndex = 0; path = Just4000Steps.app; sourceTree = BUILT_PRODUCTS_DIR; };
		184302CB2A87B18900B40FCB /* Just4000StepsApp.swift */ = {isa = PBXFileReference; lastKnownFileType = sourcecode.swift; path = Just4000StepsApp.swift; sourceTree = "<group>"; };
		184302CD2A87B18900B40FCB /* StepsView.swift */ = {isa = PBXFileReference; lastKnownFileType = sourcecode.swift; path = StepsView.swift; sourceTree = "<group>"; };
		184302CF2A87B18A00B40FCB /* Assets.xcassets */ = {isa = PBXFileReference; lastKnownFileType = folder.assetcatalog; path = Assets.xcassets; sourceTree = "<group>"; };
		184302D22A87B18A00B40FCB /* Preview Assets.xcassets */ = {isa = PBXFileReference; lastKnownFileType = folder.assetcatalog; path = "Preview Assets.xcassets"; sourceTree = "<group>"; };
		184302D82A87B18A00B40FCB /* Just4000StepsTests.xctest */ = {isa = PBXFileReference; explicitFileType = wrapper.cfbundle; includeInIndex = 0; path = Just4000StepsTests.xctest; sourceTree = BUILT_PRODUCTS_DIR; };
		184302DC2A87B18A00B40FCB /* Just4000StepsTests.swift */ = {isa = PBXFileReference; lastKnownFileType = sourcecode.swift; path = Just4000StepsTests.swift; sourceTree = "<group>"; };
		184302E22A87B18A00B40FCB /* Just4000StepsUITests.xctest */ = {isa = PBXFileReference; explicitFileType = wrapper.cfbundle; includeInIndex = 0; path = Just4000StepsUITests.xctest; sourceTree = BUILT_PRODUCTS_DIR; };
		184302E62A87B18A00B40FCB /* Just4000StepsUITests.swift */ = {isa = PBXFileReference; lastKnownFileType = sourcecode.swift; path = Just4000StepsUITests.swift; sourceTree = "<group>"; };
		184302E82A87B18A00B40FCB /* Just4000StepsUITestsLaunchTests.swift */ = {isa = PBXFileReference; lastKnownFileType = sourcecode.swift; path = Just4000StepsUITestsLaunchTests.swift; sourceTree = "<group>"; };
		184302F52A87B20500B40FCB /* HealthStore.swift */ = {isa = PBXFileReference; lastKnownFileType = sourcecode.swift; path = HealthStore.swift; sourceTree = "<group>"; };
		184302F72A87B59000B40FCB /* Info.plist */ = {isa = PBXFileReference; lastKnownFileType = text.plist; path = Info.plist; sourceTree = "<group>"; };
		184302F82A87B88000B40FCB /* Just4000Steps.entitlements */ = {isa = PBXFileReference; lastKnownFileType = text.plist.entitlements; path = Just4000Steps.entitlements; sourceTree = "<group>"; };
		184A440D2A87F7FA00C2E407 /* Step.swift */ = {isa = PBXFileReference; lastKnownFileType = sourcecode.swift; path = Step.swift; sourceTree = "<group>"; };
		184A44252A88FBC200C2E407 /* Date+.swift */ = {isa = PBXFileReference; lastKnownFileType = sourcecode.swift; path = "Date+.swift"; sourceTree = "<group>"; };
		184A44272A895B7F00C2E407 /* StepFeature.swift */ = {isa = PBXFileReference; lastKnownFileType = sourcecode.swift; path = StepFeature.swift; sourceTree = "<group>"; };
		184A44292A8ABB7400C2E407 /* PieChartView.swift */ = {isa = PBXFileReference; lastKnownFileType = sourcecode.swift; path = PieChartView.swift; sourceTree = "<group>"; };
		18706FE72AA234A00014C9CA /* UserNotificationUtil.swift */ = {isa = PBXFileReference; lastKnownFileType = sourcecode.swift; path = UserNotificationUtil.swift; sourceTree = "<group>"; };
		18706FE92AA234BF0014C9CA /* NotificationContent.swift */ = {isa = PBXFileReference; lastKnownFileType = sourcecode.swift; path = NotificationContent.swift; sourceTree = "<group>"; };
		18706FED2AA23AF20014C9CA /* AppDelegate.swift */ = {isa = PBXFileReference; lastKnownFileType = sourcecode.swift; path = AppDelegate.swift; sourceTree = "<group>"; };
/* End PBXFileReference section */

/* Begin PBXFrameworksBuildPhase section */
		184302C52A87B18900B40FCB /* Frameworks */ = {
			isa = PBXFrameworksBuildPhase;
			buildActionMask = 2147483647;
			files = (
				184A44232A88FB7900C2E407 /* ComposableArchitecture in Frameworks */,
			);
			runOnlyForDeploymentPostprocessing = 0;
		};
		184302D52A87B18A00B40FCB /* Frameworks */ = {
			isa = PBXFrameworksBuildPhase;
			buildActionMask = 2147483647;
			files = (
			);
			runOnlyForDeploymentPostprocessing = 0;
		};
		184302DF2A87B18A00B40FCB /* Frameworks */ = {
			isa = PBXFrameworksBuildPhase;
			buildActionMask = 2147483647;
			files = (
			);
			runOnlyForDeploymentPostprocessing = 0;
		};
/* End PBXFrameworksBuildPhase section */

/* Begin PBXGroup section */
		184302BF2A87B18900B40FCB = {
			isa = PBXGroup;
			children = (
				184302CA2A87B18900B40FCB /* Just4000Steps */,
				184302DB2A87B18A00B40FCB /* Just4000StepsTests */,
				184302E52A87B18A00B40FCB /* Just4000StepsUITests */,
				184302C92A87B18900B40FCB /* Products */,
			);
			sourceTree = "<group>";
		};
		184302C92A87B18900B40FCB /* Products */ = {
			isa = PBXGroup;
			children = (
				184302C82A87B18900B40FCB /* Just4000Steps.app */,
				184302D82A87B18A00B40FCB /* Just4000StepsTests.xctest */,
				184302E22A87B18A00B40FCB /* Just4000StepsUITests.xctest */,
			);
			name = Products;
			sourceTree = "<group>";
		};
		184302CA2A87B18900B40FCB /* Just4000Steps */ = {
			isa = PBXGroup;
			children = (
				184A44152A88F69C00C2E407 /* Shared */,
				184A44142A88F69700C2E407 /* App */,
				184A44132A88F67B00C2E407 /* Features */,
				184302F82A87B88000B40FCB /* Just4000Steps.entitlements */,
				184302F72A87B59000B40FCB /* Info.plist */,
				184302CF2A87B18A00B40FCB /* Assets.xcassets */,
				184302D12A87B18A00B40FCB /* Preview Content */,
			);
			path = Just4000Steps;
			sourceTree = "<group>";
		};
		184302D12A87B18A00B40FCB /* Preview Content */ = {
			isa = PBXGroup;
			children = (
				184302D22A87B18A00B40FCB /* Preview Assets.xcassets */,
			);
			path = "Preview Content";
			sourceTree = "<group>";
		};
		184302DB2A87B18A00B40FCB /* Just4000StepsTests */ = {
			isa = PBXGroup;
			children = (
				184302DC2A87B18A00B40FCB /* Just4000StepsTests.swift */,
			);
			path = Just4000StepsTests;
			sourceTree = "<group>";
		};
		184302E52A87B18A00B40FCB /* Just4000StepsUITests */ = {
			isa = PBXGroup;
			children = (
				184302E62A87B18A00B40FCB /* Just4000StepsUITests.swift */,
				184302E82A87B18A00B40FCB /* Just4000StepsUITestsLaunchTests.swift */,
			);
			path = Just4000StepsUITests;
			sourceTree = "<group>";
		};
		184A44102A88F58C00C2E407 /* Models */ = {
			isa = PBXGroup;
			children = (
				184A440D2A87F7FA00C2E407 /* Step.swift */,
			);
			path = Models;
			sourceTree = "<group>";
		};
		184A44112A88F59800C2E407 /* Service */ = {
			isa = PBXGroup;
			children = (
				18706FF12AA2F85E0014C9CA /* Notification */,
				184302F52A87B20500B40FCB /* HealthStore.swift */,
			);
			path = Service;
			sourceTree = "<group>";
		};
		184A44132A88F67B00C2E407 /* Features */ = {
			isa = PBXGroup;
			children = (
				184A44162A88F71A00C2E407 /* StepsFeature */,
			);
			path = Features;
			sourceTree = "<group>";
		};
		184A44142A88F69700C2E407 /* App */ = {
			isa = PBXGroup;
			children = (
				184302CB2A87B18900B40FCB /* Just4000StepsApp.swift */,
				18706FED2AA23AF20014C9CA /* AppDelegate.swift */,
			);
			path = App;
			sourceTree = "<group>";
		};
		184A44152A88F69C00C2E407 /* Shared */ = {
			isa = PBXGroup;
			children = (
				184A44242A88FBB400C2E407 /* Utility */,
				184A44112A88F59800C2E407 /* Service */,
			);
			path = Shared;
			sourceTree = "<group>";
		};
		184A44162A88F71A00C2E407 /* StepsFeature */ = {
			isa = PBXGroup;
			children = (
				184A44272A895B7F00C2E407 /* StepFeature.swift */,
				184302CD2A87B18900B40FCB /* StepsView.swift */,
				184A44292A8ABB7400C2E407 /* PieChartView.swift */,
				184A44102A88F58C00C2E407 /* Models */,
			);
			path = StepsFeature;
			sourceTree = "<group>";
		};
		184A44242A88FBB400C2E407 /* Utility */ = {
			isa = PBXGroup;
			children = (
				184A44252A88FBC200C2E407 /* Date+.swift */,
			);
			path = Utility;
			sourceTree = "<group>";
		};
		18706FF12AA2F85E0014C9CA /* Notification */ = {
			isa = PBXGroup;
			children = (
				18706FE72AA234A00014C9CA /* UserNotificationUtil.swift */,
				18706FE92AA234BF0014C9CA /* NotificationContent.swift */,
			);
			path = Notification;
			sourceTree = "<group>";
		};
/* End PBXGroup section */

/* Begin PBXNativeTarget section */
		184302C72A87B18900B40FCB /* Just4000Steps */ = {
			isa = PBXNativeTarget;
			buildConfigurationList = 184302EC2A87B18A00B40FCB /* Build configuration list for PBXNativeTarget "Just4000Steps" */;
			buildPhases = (
				184302C42A87B18900B40FCB /* Sources */,
				184302C52A87B18900B40FCB /* Frameworks */,
				184302C62A87B18900B40FCB /* Resources */,
			);
			buildRules = (
			);
			dependencies = (
			);
			name = Just4000Steps;
			packageProductDependencies = (
				184A44222A88FB7900C2E407 /* ComposableArchitecture */,
			);
			productName = Just4000Steps;
			productReference = 184302C82A87B18900B40FCB /* Just4000Steps.app */;
			productType = "com.apple.product-type.application";
		};
		184302D72A87B18A00B40FCB /* Just4000StepsTests */ = {
			isa = PBXNativeTarget;
			buildConfigurationList = 184302EF2A87B18A00B40FCB /* Build configuration list for PBXNativeTarget "Just4000StepsTests" */;
			buildPhases = (
				184302D42A87B18A00B40FCB /* Sources */,
				184302D52A87B18A00B40FCB /* Frameworks */,
				184302D62A87B18A00B40FCB /* Resources */,
			);
			buildRules = (
			);
			dependencies = (
				184302DA2A87B18A00B40FCB /* PBXTargetDependency */,
			);
			name = Just4000StepsTests;
			productName = Just4000StepsTests;
			productReference = 184302D82A87B18A00B40FCB /* Just4000StepsTests.xctest */;
			productType = "com.apple.product-type.bundle.unit-test";
		};
		184302E12A87B18A00B40FCB /* Just4000StepsUITests */ = {
			isa = PBXNativeTarget;
			buildConfigurationList = 184302F22A87B18A00B40FCB /* Build configuration list for PBXNativeTarget "Just4000StepsUITests" */;
			buildPhases = (
				184302DE2A87B18A00B40FCB /* Sources */,
				184302DF2A87B18A00B40FCB /* Frameworks */,
				184302E02A87B18A00B40FCB /* Resources */,
			);
			buildRules = (
			);
			dependencies = (
				184302E42A87B18A00B40FCB /* PBXTargetDependency */,
			);
			name = Just4000StepsUITests;
			productName = Just4000StepsUITests;
			productReference = 184302E22A87B18A00B40FCB /* Just4000StepsUITests.xctest */;
			productType = "com.apple.product-type.bundle.ui-testing";
		};
/* End PBXNativeTarget section */

/* Begin PBXProject section */
		184302C02A87B18900B40FCB /* Project object */ = {
			isa = PBXProject;
			attributes = {
				BuildIndependentTargetsInParallel = 1;
				LastSwiftUpdateCheck = 1430;
				LastUpgradeCheck = 1430;
				TargetAttributes = {
					184302C72A87B18900B40FCB = {
						CreatedOnToolsVersion = 14.3;
					};
					184302D72A87B18A00B40FCB = {
						CreatedOnToolsVersion = 14.3;
						TestTargetID = 184302C72A87B18900B40FCB;
					};
					184302E12A87B18A00B40FCB = {
						CreatedOnToolsVersion = 14.3;
						TestTargetID = 184302C72A87B18900B40FCB;
					};
				};
			};
			buildConfigurationList = 184302C32A87B18900B40FCB /* Build configuration list for PBXProject "Just4000Steps" */;
			compatibilityVersion = "Xcode 14.0";
			developmentRegion = en;
			hasScannedForEncodings = 0;
			knownRegions = (
				en,
				Base,
			);
			mainGroup = 184302BF2A87B18900B40FCB;
			packageReferences = (
				184A44212A88FB7900C2E407 /* XCRemoteSwiftPackageReference "swift-composable-architecture" */,
			);
			productRefGroup = 184302C92A87B18900B40FCB /* Products */;
			projectDirPath = "";
			projectRoot = "";
			targets = (
				184302C72A87B18900B40FCB /* Just4000Steps */,
				184302D72A87B18A00B40FCB /* Just4000StepsTests */,
				184302E12A87B18A00B40FCB /* Just4000StepsUITests */,
			);
		};
/* End PBXProject section */

/* Begin PBXResourcesBuildPhase section */
		184302C62A87B18900B40FCB /* Resources */ = {
			isa = PBXResourcesBuildPhase;
			buildActionMask = 2147483647;
			files = (
				184302D32A87B18A00B40FCB /* Preview Assets.xcassets in Resources */,
				184302D02A87B18A00B40FCB /* Assets.xcassets in Resources */,
			);
			runOnlyForDeploymentPostprocessing = 0;
		};
		184302D62A87B18A00B40FCB /* Resources */ = {
			isa = PBXResourcesBuildPhase;
			buildActionMask = 2147483647;
			files = (
			);
			runOnlyForDeploymentPostprocessing = 0;
		};
		184302E02A87B18A00B40FCB /* Resources */ = {
			isa = PBXResourcesBuildPhase;
			buildActionMask = 2147483647;
			files = (
			);
			runOnlyForDeploymentPostprocessing = 0;
		};
/* End PBXResourcesBuildPhase section */

/* Begin PBXSourcesBuildPhase section */
		184302C42A87B18900B40FCB /* Sources */ = {
			isa = PBXSourcesBuildPhase;
			buildActionMask = 2147483647;
			files = (
				18706FEE2AA23AF20014C9CA /* AppDelegate.swift in Sources */,
				184A442A2A8ABB7400C2E407 /* PieChartView.swift in Sources */,
				184A44262A88FBC200C2E407 /* Date+.swift in Sources */,
				184302CE2A87B18900B40FCB /* StepsView.swift in Sources */,
				184A440E2A87F7FA00C2E407 /* Step.swift in Sources */,
				18706FEA2AA234BF0014C9CA /* NotificationContent.swift in Sources */,
				184A44282A895B7F00C2E407 /* StepFeature.swift in Sources */,
				184302F62A87B20500B40FCB /* HealthStore.swift in Sources */,
				18706FE82AA234A00014C9CA /* UserNotificationUtil.swift in Sources */,
				184302CC2A87B18900B40FCB /* Just4000StepsApp.swift in Sources */,
			);
			runOnlyForDeploymentPostprocessing = 0;
		};
		184302D42A87B18A00B40FCB /* Sources */ = {
			isa = PBXSourcesBuildPhase;
			buildActionMask = 2147483647;
			files = (
				184302DD2A87B18A00B40FCB /* Just4000StepsTests.swift in Sources */,
			);
			runOnlyForDeploymentPostprocessing = 0;
		};
		184302DE2A87B18A00B40FCB /* Sources */ = {
			isa = PBXSourcesBuildPhase;
			buildActionMask = 2147483647;
			files = (
				184302E92A87B18A00B40FCB /* Just4000StepsUITestsLaunchTests.swift in Sources */,
				184302E72A87B18A00B40FCB /* Just4000StepsUITests.swift in Sources */,
			);
			runOnlyForDeploymentPostprocessing = 0;
		};
/* End PBXSourcesBuildPhase section */

/* Begin PBXTargetDependency section */
		184302DA2A87B18A00B40FCB /* PBXTargetDependency */ = {
			isa = PBXTargetDependency;
			target = 184302C72A87B18900B40FCB /* Just4000Steps */;
			targetProxy = 184302D92A87B18A00B40FCB /* PBXContainerItemProxy */;
		};
		184302E42A87B18A00B40FCB /* PBXTargetDependency */ = {
			isa = PBXTargetDependency;
			target = 184302C72A87B18900B40FCB /* Just4000Steps */;
			targetProxy = 184302E32A87B18A00B40FCB /* PBXContainerItemProxy */;
		};
/* End PBXTargetDependency section */

/* Begin XCBuildConfiguration section */
		184302EA2A87B18A00B40FCB /* Debug */ = {
			isa = XCBuildConfiguration;
			buildSettings = {
				ALWAYS_SEARCH_USER_PATHS = NO;
				CLANG_ANALYZER_NONNULL = YES;
				CLANG_ANALYZER_NUMBER_OBJECT_CONVERSION = YES_AGGRESSIVE;
				CLANG_CXX_LANGUAGE_STANDARD = "gnu++20";
				CLANG_ENABLE_MODULES = YES;
				CLANG_ENABLE_OBJC_ARC = YES;
				CLANG_ENABLE_OBJC_WEAK = YES;
				CLANG_WARN_BLOCK_CAPTURE_AUTORELEASING = YES;
				CLANG_WARN_BOOL_CONVERSION = YES;
				CLANG_WARN_COMMA = YES;
				CLANG_WARN_CONSTANT_CONVERSION = YES;
				CLANG_WARN_DEPRECATED_OBJC_IMPLEMENTATIONS = YES;
				CLANG_WARN_DIRECT_OBJC_ISA_USAGE = YES_ERROR;
				CLANG_WARN_DOCUMENTATION_COMMENTS = YES;
				CLANG_WARN_EMPTY_BODY = YES;
				CLANG_WARN_ENUM_CONVERSION = YES;
				CLANG_WARN_INFINITE_RECURSION = YES;
				CLANG_WARN_INT_CONVERSION = YES;
				CLANG_WARN_NON_LITERAL_NULL_CONVERSION = YES;
				CLANG_WARN_OBJC_IMPLICIT_RETAIN_SELF = YES;
				CLANG_WARN_OBJC_LITERAL_CONVERSION = YES;
				CLANG_WARN_OBJC_ROOT_CLASS = YES_ERROR;
				CLANG_WARN_QUOTED_INCLUDE_IN_FRAMEWORK_HEADER = YES;
				CLANG_WARN_RANGE_LOOP_ANALYSIS = YES;
				CLANG_WARN_STRICT_PROTOTYPES = YES;
				CLANG_WARN_SUSPICIOUS_MOVE = YES;
				CLANG_WARN_UNGUARDED_AVAILABILITY = YES_AGGRESSIVE;
				CLANG_WARN_UNREACHABLE_CODE = YES;
				CLANG_WARN__DUPLICATE_METHOD_MATCH = YES;
				COPY_PHASE_STRIP = NO;
				DEBUG_INFORMATION_FORMAT = dwarf;
				ENABLE_STRICT_OBJC_MSGSEND = YES;
				ENABLE_TESTABILITY = YES;
				GCC_C_LANGUAGE_STANDARD = gnu11;
				GCC_DYNAMIC_NO_PIC = NO;
				GCC_NO_COMMON_BLOCKS = YES;
				GCC_OPTIMIZATION_LEVEL = 0;
				GCC_PREPROCESSOR_DEFINITIONS = (
					"DEBUG=1",
					"$(inherited)",
				);
				GCC_WARN_64_TO_32_BIT_CONVERSION = YES;
				GCC_WARN_ABOUT_RETURN_TYPE = YES_ERROR;
				GCC_WARN_UNDECLARED_SELECTOR = YES;
				GCC_WARN_UNINITIALIZED_AUTOS = YES_AGGRESSIVE;
				GCC_WARN_UNUSED_FUNCTION = YES;
				GCC_WARN_UNUSED_VARIABLE = YES;
				IPHONEOS_DEPLOYMENT_TARGET = 16.4;
				MTL_ENABLE_DEBUG_INFO = INCLUDE_SOURCE;
				MTL_FAST_MATH = YES;
				ONLY_ACTIVE_ARCH = YES;
				SDKROOT = iphoneos;
				SWIFT_ACTIVE_COMPILATION_CONDITIONS = DEBUG;
				SWIFT_OPTIMIZATION_LEVEL = "-Onone";
			};
			name = Debug;
		};
		184302EB2A87B18A00B40FCB /* Release */ = {
			isa = XCBuildConfiguration;
			buildSettings = {
				ALWAYS_SEARCH_USER_PATHS = NO;
				CLANG_ANALYZER_NONNULL = YES;
				CLANG_ANALYZER_NUMBER_OBJECT_CONVERSION = YES_AGGRESSIVE;
				CLANG_CXX_LANGUAGE_STANDARD = "gnu++20";
				CLANG_ENABLE_MODULES = YES;
				CLANG_ENABLE_OBJC_ARC = YES;
				CLANG_ENABLE_OBJC_WEAK = YES;
				CLANG_WARN_BLOCK_CAPTURE_AUTORELEASING = YES;
				CLANG_WARN_BOOL_CONVERSION = YES;
				CLANG_WARN_COMMA = YES;
				CLANG_WARN_CONSTANT_CONVERSION = YES;
				CLANG_WARN_DEPRECATED_OBJC_IMPLEMENTATIONS = YES;
				CLANG_WARN_DIRECT_OBJC_ISA_USAGE = YES_ERROR;
				CLANG_WARN_DOCUMENTATION_COMMENTS = YES;
				CLANG_WARN_EMPTY_BODY = YES;
				CLANG_WARN_ENUM_CONVERSION = YES;
				CLANG_WARN_INFINITE_RECURSION = YES;
				CLANG_WARN_INT_CONVERSION = YES;
				CLANG_WARN_NON_LITERAL_NULL_CONVERSION = YES;
				CLANG_WARN_OBJC_IMPLICIT_RETAIN_SELF = YES;
				CLANG_WARN_OBJC_LITERAL_CONVERSION = YES;
				CLANG_WARN_OBJC_ROOT_CLASS = YES_ERROR;
				CLANG_WARN_QUOTED_INCLUDE_IN_FRAMEWORK_HEADER = YES;
				CLANG_WARN_RANGE_LOOP_ANALYSIS = YES;
				CLANG_WARN_STRICT_PROTOTYPES = YES;
				CLANG_WARN_SUSPICIOUS_MOVE = YES;
				CLANG_WARN_UNGUARDED_AVAILABILITY = YES_AGGRESSIVE;
				CLANG_WARN_UNREACHABLE_CODE = YES;
				CLANG_WARN__DUPLICATE_METHOD_MATCH = YES;
				COPY_PHASE_STRIP = NO;
				DEBUG_INFORMATION_FORMAT = "dwarf-with-dsym";
				ENABLE_NS_ASSERTIONS = NO;
				ENABLE_STRICT_OBJC_MSGSEND = YES;
				GCC_C_LANGUAGE_STANDARD = gnu11;
				GCC_NO_COMMON_BLOCKS = YES;
				GCC_WARN_64_TO_32_BIT_CONVERSION = YES;
				GCC_WARN_ABOUT_RETURN_TYPE = YES_ERROR;
				GCC_WARN_UNDECLARED_SELECTOR = YES;
				GCC_WARN_UNINITIALIZED_AUTOS = YES_AGGRESSIVE;
				GCC_WARN_UNUSED_FUNCTION = YES;
				GCC_WARN_UNUSED_VARIABLE = YES;
				IPHONEOS_DEPLOYMENT_TARGET = 16.4;
				MTL_ENABLE_DEBUG_INFO = NO;
				MTL_FAST_MATH = YES;
				SDKROOT = iphoneos;
				SWIFT_COMPILATION_MODE = wholemodule;
				SWIFT_OPTIMIZATION_LEVEL = "-O";
				VALIDATE_PRODUCT = YES;
			};
			name = Release;
		};
		184302ED2A87B18A00B40FCB /* Debug */ = {
			isa = XCBuildConfiguration;
			buildSettings = {
				ASSETCATALOG_COMPILER_APPICON_NAME = AppIcon;
				ASSETCATALOG_COMPILER_GLOBAL_ACCENT_COLOR_NAME = AccentColor;
				CODE_SIGN_ENTITLEMENTS = Just4000Steps/Just4000Steps.entitlements;
				CODE_SIGN_STYLE = Automatic;
				CURRENT_PROJECT_VERSION = 1;
				DEVELOPMENT_ASSET_PATHS = "\"Just4000Steps/Preview Content\"";
				DEVELOPMENT_TEAM = D2U85G9H4F;
				ENABLE_PREVIEWS = YES;
				GENERATE_INFOPLIST_FILE = YES;
				INFOPLIST_FILE = Just4000Steps/Info.plist;
				INFOPLIST_KEY_UIApplicationSceneManifest_Generation = YES;
				INFOPLIST_KEY_UIApplicationSupportsIndirectInputEvents = YES;
				INFOPLIST_KEY_UILaunchScreen_Generation = YES;
				INFOPLIST_KEY_UISupportedInterfaceOrientations_iPad = "UIInterfaceOrientationPortrait UIInterfaceOrientationPortraitUpsideDown UIInterfaceOrientationLandscapeLeft UIInterfaceOrientationLandscapeRight";
				INFOPLIST_KEY_UISupportedInterfaceOrientations_iPhone = "UIInterfaceOrientationPortrait UIInterfaceOrientationLandscapeLeft UIInterfaceOrientationLandscapeRight";
				LD_RUNPATH_SEARCH_PATHS = (
					"$(inherited)",
					"@executable_path/Frameworks",
				);
				MARKETING_VERSION = 1.0;
				PRODUCT_BUNDLE_IDENTIFIER = com.ytoaster.Just4000Steps.Just4000Steps;
				PRODUCT_NAME = "$(TARGET_NAME)";
				SWIFT_EMIT_LOC_STRINGS = YES;
				SWIFT_VERSION = 5.0;
				TARGETED_DEVICE_FAMILY = "1,2";
			};
			name = Debug;
		};
		184302EE2A87B18A00B40FCB /* Release */ = {
			isa = XCBuildConfiguration;
			buildSettings = {
				ASSETCATALOG_COMPILER_APPICON_NAME = AppIcon;
				ASSETCATALOG_COMPILER_GLOBAL_ACCENT_COLOR_NAME = AccentColor;
				CODE_SIGN_ENTITLEMENTS = Just4000Steps/Just4000Steps.entitlements;
				CODE_SIGN_STYLE = Automatic;
				CURRENT_PROJECT_VERSION = 1;
				DEVELOPMENT_ASSET_PATHS = "\"Just4000Steps/Preview Content\"";
				DEVELOPMENT_TEAM = D2U85G9H4F;
				ENABLE_PREVIEWS = YES;
				GENERATE_INFOPLIST_FILE = YES;
				INFOPLIST_FILE = Just4000Steps/Info.plist;
				INFOPLIST_KEY_UIApplicationSceneManifest_Generation = YES;
				INFOPLIST_KEY_UIApplicationSupportsIndirectInputEvents = YES;
				INFOPLIST_KEY_UILaunchScreen_Generation = YES;
				INFOPLIST_KEY_UISupportedInterfaceOrientations_iPad = "UIInterfaceOrientationPortrait UIInterfaceOrientationPortraitUpsideDown UIInterfaceOrientationLandscapeLeft UIInterfaceOrientationLandscapeRight";
				INFOPLIST_KEY_UISupportedInterfaceOrientations_iPhone = "UIInterfaceOrientationPortrait UIInterfaceOrientationLandscapeLeft UIInterfaceOrientationLandscapeRight";
				LD_RUNPATH_SEARCH_PATHS = (
					"$(inherited)",
					"@executable_path/Frameworks",
				);
				MARKETING_VERSION = 1.0;
				PRODUCT_BUNDLE_IDENTIFIER = com.ytoaster.Just4000Steps.Just4000Steps;
				PRODUCT_NAME = "$(TARGET_NAME)";
				SWIFT_EMIT_LOC_STRINGS = YES;
				SWIFT_VERSION = 5.0;
				TARGETED_DEVICE_FAMILY = "1,2";
			};
			name = Release;
		};
		184302F02A87B18A00B40FCB /* Debug */ = {
			isa = XCBuildConfiguration;
			buildSettings = {
				ALWAYS_EMBED_SWIFT_STANDARD_LIBRARIES = YES;
				BUNDLE_LOADER = "$(TEST_HOST)";
				CODE_SIGN_STYLE = Automatic;
				CURRENT_PROJECT_VERSION = 1;
				DEVELOPMENT_TEAM = D2U85G9H4F;
				GENERATE_INFOPLIST_FILE = YES;
				INFOPLIST_KEY_LSApplicationCategoryType = "";
				IPHONEOS_DEPLOYMENT_TARGET = 16.4;
				MARKETING_VERSION = 1.0;
				PRODUCT_BUNDLE_IDENTIFIER = com.ytoaster.Just4000Steps.Just4000StepsTests;
				PRODUCT_NAME = "$(TARGET_NAME)";
				SWIFT_EMIT_LOC_STRINGS = NO;
				SWIFT_VERSION = 5.0;
				TARGETED_DEVICE_FAMILY = "1,2";
				TEST_HOST = "$(BUILT_PRODUCTS_DIR)/Just4000Steps.app/$(BUNDLE_EXECUTABLE_FOLDER_PATH)/Just4000Steps";
			};
			name = Debug;
		};
		184302F12A87B18A00B40FCB /* Release */ = {
			isa = XCBuildConfiguration;
			buildSettings = {
				ALWAYS_EMBED_SWIFT_STANDARD_LIBRARIES = YES;
				BUNDLE_LOADER = "$(TEST_HOST)";
				CODE_SIGN_STYLE = Automatic;
				CURRENT_PROJECT_VERSION = 1;
				DEVELOPMENT_TEAM = D2U85G9H4F;
				GENERATE_INFOPLIST_FILE = YES;
				INFOPLIST_KEY_LSApplicationCategoryType = "";
				IPHONEOS_DEPLOYMENT_TARGET = 16.4;
				MARKETING_VERSION = 1.0;
				PRODUCT_BUNDLE_IDENTIFIER = com.ytoaster.Just4000Steps.Just4000StepsTests;
				PRODUCT_NAME = "$(TARGET_NAME)";
				SWIFT_EMIT_LOC_STRINGS = NO;
				SWIFT_VERSION = 5.0;
				TARGETED_DEVICE_FAMILY = "1,2";
				TEST_HOST = "$(BUILT_PRODUCTS_DIR)/Just4000Steps.app/$(BUNDLE_EXECUTABLE_FOLDER_PATH)/Just4000Steps";
			};
			name = Release;
		};
		184302F32A87B18A00B40FCB /* Debug */ = {
			isa = XCBuildConfiguration;
			buildSettings = {
				ALWAYS_EMBED_SWIFT_STANDARD_LIBRARIES = YES;
				CODE_SIGN_STYLE = Automatic;
				CURRENT_PROJECT_VERSION = 1;
				DEVELOPMENT_TEAM = D2U85G9H4F;
				GENERATE_INFOPLIST_FILE = YES;
				MARKETING_VERSION = 1.0;
				PRODUCT_BUNDLE_IDENTIFIER = com.ytoaster.Just4000Steps.Just4000StepsUITests;
				PRODUCT_NAME = "$(TARGET_NAME)";
				SWIFT_EMIT_LOC_STRINGS = NO;
				SWIFT_VERSION = 5.0;
				TARGETED_DEVICE_FAMILY = "1,2";
				TEST_TARGET_NAME = Just4000Steps;
			};
			name = Debug;
		};
		184302F42A87B18A00B40FCB /* Release */ = {
			isa = XCBuildConfiguration;
			buildSettings = {
				ALWAYS_EMBED_SWIFT_STANDARD_LIBRARIES = YES;
				CODE_SIGN_STYLE = Automatic;
				CURRENT_PROJECT_VERSION = 1;
				DEVELOPMENT_TEAM = D2U85G9H4F;
				GENERATE_INFOPLIST_FILE = YES;
				MARKETING_VERSION = 1.0;
				PRODUCT_BUNDLE_IDENTIFIER = com.ytoaster.Just4000Steps.Just4000StepsUITests;
				PRODUCT_NAME = "$(TARGET_NAME)";
				SWIFT_EMIT_LOC_STRINGS = NO;
				SWIFT_VERSION = 5.0;
				TARGETED_DEVICE_FAMILY = "1,2";
				TEST_TARGET_NAME = Just4000Steps;
			};
			name = Release;
		};
/* End XCBuildConfiguration section */

/* Begin XCConfigurationList section */
		184302C32A87B18900B40FCB /* Build configuration list for PBXProject "Just4000Steps" */ = {
			isa = XCConfigurationList;
			buildConfigurations = (
				184302EA2A87B18A00B40FCB /* Debug */,
				184302EB2A87B18A00B40FCB /* Release */,
			);
			defaultConfigurationIsVisible = 0;
			defaultConfigurationName = Release;
		};
		184302EC2A87B18A00B40FCB /* Build configuration list for PBXNativeTarget "Just4000Steps" */ = {
			isa = XCConfigurationList;
			buildConfigurations = (
				184302ED2A87B18A00B40FCB /* Debug */,
				184302EE2A87B18A00B40FCB /* Release */,
			);
			defaultConfigurationIsVisible = 0;
			defaultConfigurationName = Release;
		};
		184302EF2A87B18A00B40FCB /* Build configuration list for PBXNativeTarget "Just4000StepsTests" */ = {
			isa = XCConfigurationList;
			buildConfigurations = (
				184302F02A87B18A00B40FCB /* Debug */,
				184302F12A87B18A00B40FCB /* Release */,
			);
			defaultConfigurationIsVisible = 0;
			defaultConfigurationName = Release;
		};
		184302F22A87B18A00B40FCB /* Build configuration list for PBXNativeTarget "Just4000StepsUITests" */ = {
			isa = XCConfigurationList;
			buildConfigurations = (
				184302F32A87B18A00B40FCB /* Debug */,
				184302F42A87B18A00B40FCB /* Release */,
			);
			defaultConfigurationIsVisible = 0;
			defaultConfigurationName = Release;
		};
/* End XCConfigurationList section */

/* Begin XCRemoteSwiftPackageReference section */
		184A44212A88FB7900C2E407 /* XCRemoteSwiftPackageReference "swift-composable-architecture" */ = {
			isa = XCRemoteSwiftPackageReference;
			repositoryURL = "https://github.com/pointfreeco/swift-composable-architecture";
			requirement = {
				kind = upToNextMajorVersion;
				minimumVersion = 1.0.0;
			};
		};
/* End XCRemoteSwiftPackageReference section */

/* Begin XCSwiftPackageProductDependency section */
		184A44222A88FB7900C2E407 /* ComposableArchitecture */ = {
			isa = XCSwiftPackageProductDependency;
			package = 184A44212A88FB7900C2E407 /* XCRemoteSwiftPackageReference "swift-composable-architecture" */;
			productName = ComposableArchitecture;
		};
/* End XCSwiftPackageProductDependency section */
	};
	rootObject = 184302C02A87B18900B40FCB /* Project object */;
}
